
Microsoft Visual Studio Solution File, Format Version 12.00
# Visual Studio Version 17
VisualStudioVersion = 17.11.35312.102
MinimumVisualStudioVersion = 10.0.40219.1
Project("{9A19103F-16F7-4668-BE54-9A1E7A4F7556}") = "QuanLyThuCung", "QuanLyThuCung\QuanLyThuCung.csproj", "{50569D57-133C-4B12-AA88-C1B79D41E1B5}"
EndProject
Project("{9A19103F-16F7-4668-BE54-9A1E7A4F7556}") = "DTO", "DTO\DTO.csproj", "{0076D727-4A1A-4FDE-B1FE-F1F638A33487}"
EndProject
Project("{9A19103F-16F7-4668-BE54-9A1E7A4F7556}") = "DAL", "DAL\DAL.csproj", "{7F5F8794-9DCE-459B-88E2-7DADB4A9501E}"
EndProject
Project("{9A19103F-16F7-4668-BE54-9A1E7A4F7556}") = "BLL", "BLL\BLL.csproj", "{27BDEDF6-2987-44AF-801C-6DBE10D001CE}"
EndProject
Project("{FAE04EC0-301F-11D3-BF4B-00C04F79EFBC}") = "USE", "USE\USE.csproj", "{A43720A6-9531-4978-98E8-BDD47464922D}"
EndProject
Global
	GlobalSection(SolutionConfigurationPlatforms) = preSolution
		Debug|Any CPU = Debug|Any CPU
		Release|Any CPU = Release|Any CPU
	EndGlobalSection
	GlobalSection(ProjectConfigurationPlatforms) = postSolution
		{50569D57-133C-4B12-AA88-C1B79D41E1B5}.Debug|Any CPU.ActiveCfg = Debug|Any CPU
		{50569D57-133C-4B12-AA88-C1B79D41E1B5}.Debug|Any CPU.Build.0 = Debug|Any CPU
		{50569D57-133C-4B12-AA88-C1B79D41E1B5}.Release|Any CPU.ActiveCfg = Release|Any CPU
		{50569D57-133C-4B12-AA88-C1B79D41E1B5}.Release|Any CPU.Build.0 = Release|Any CPU
		{0076D727-4A1A-4FDE-B1FE-F1F638A33487}.Debug|Any CPU.ActiveCfg = Debug|Any CPU
		{0076D727-4A1A-4FDE-B1FE-F1F638A33487}.Debug|Any CPU.Build.0 = Debug|Any CPU
		{0076D727-4A1A-4FDE-B1FE-F1F638A33487}.Release|Any CPU.ActiveCfg = Release|Any CPU
		{0076D727-4A1A-4FDE-B1FE-F1F638A33487}.Release|Any CPU.Build.0 = Release|Any CPU
		{7F5F8794-9DCE-459B-88E2-7DADB4A9501E}.Debug|Any CPU.ActiveCfg = Debug|Any CPU
		{7F5F8794-9DCE-459B-88E2-7DADB4A9501E}.Debug|Any CPU.Build.0 = Debug|Any CPU
		{7F5F8794-9DCE-459B-88E2-7DADB4A9501E}.Release|Any CPU.ActiveCfg = Release|Any CPU
		{7F5F8794-9DCE-459B-88E2-7DADB4A9501E}.Release|Any CPU.Build.0 = Release|Any CPU
		{27BDEDF6-2987-44AF-801C-6DBE10D001CE}.Debug|Any CPU.ActiveCfg = Debug|Any CPU
		{27BDEDF6-2987-44AF-801C-6DBE10D001CE}.Debug|Any CPU.Build.0 = Debug|Any CPU
		{27BDEDF6-2987-44AF-801C-6DBE10D001CE}.Release|Any CPU.ActiveCfg = Release|Any CPU
		{27BDEDF6-2987-44AF-801C-6DBE10D001CE}.Release|Any CPU.Build.0 = Release|Any CPU
		{A43720A6-9531-4978-98E8-BDD47464922D}.Debug|Any CPU.ActiveCfg = Debug|Any CPU
		{A43720A6-9531-4978-98E8-BDD47464922D}.Debug|Any CPU.Build.0 = Debug|Any CPU
		{A43720A6-9531-4978-98E8-BDD47464922D}.Release|Any CPU.ActiveCfg = Release|Any CPU
		{A43720A6-9531-4978-98E8-BDD47464922D}.Release|Any CPU.Build.0 = Release|Any CPU
	EndGlobalSection
	GlobalSection(SolutionProperties) = preSolution
		HideSolutionNode = FALSE
	EndGlobalSection
	GlobalSection(ExtensibilityGlobals) = postSolution
		SolutionGuid = {573EA754-10A8-43AA-AE5D-B386989B2667}
	EndGlobalSection
EndGlobal
